
Microsoft Visual Studio Solution File, Format Version 12.00
Project("{FAE04EC0-301F-11D3-BF4B-00C04F79EFBC}") = "HelloUser", "HelloUser\HelloUser.csproj", "{73393B98-826C-465C-8F3F-ADBA1BF363EC}"
EndProject
Global
	GlobalSection(SolutionConfigurationPlatforms) = preSolution
		Debug|Any CPU = Debug|Any CPU
		Release|Any CPU = Release|Any CPU
	EndGlobalSection
	GlobalSection(ProjectConfigurationPlatforms) = postSolution
		{73393B98-826C-465C-8F3F-ADBA1BF363EC}.Debug|Any CPU.ActiveCfg = Debug|Any CPU
		{73393B98-826C-465C-8F3F-ADBA1BF363EC}.Debug|Any CPU.Build.0 = Debug|Any CPU
		{73393B98-826C-465C-8F3F-ADBA1BF363EC}.Release|Any CPU.ActiveCfg = Release|Any CPU
		{73393B98-826C-465C-8F3F-ADBA1BF363EC}.Release|Any CPU.Build.0 = Release|Any CPU
	EndGlobalSection
EndGlobal
